
Microsoft Visual Studio Solution File, Format Version 12.00
# Visual Studio Version 17
VisualStudioVersion = 17.14.36518.9 d17.14
MinimumVisualStudioVersion = 10.0.40219.1
Project("{FAE04EC0-301F-11D3-BF4B-00C04F79EFBC}") = "CyberSecurityChatBotGUI", "CyberSecurityChatBotGUI.csproj", "{C39C49FF-7C5B-484E-905A-036539E03E0B}"
EndProject
Global
	GlobalSection(SolutionConfigurationPlatforms) = preSolution
		Debug|Any CPU = Debug|Any CPU
		Release|Any CPU = Release|Any CPU
	EndGlobalSection
	GlobalSection(ProjectConfigurationPlatforms) = postSolution
		{C39C49FF-7C5B-484E-905A-036539E03E0B}.Debug|Any CPU.ActiveCfg = Debug|Any CPU
		{C39C49FF-7C5B-484E-905A-036539E03E0B}.Debug|Any CPU.Build.0 = Debug|Any CPU
		{C39C49FF-7C5B-484E-905A-036539E03E0B}.Release|Any CPU.ActiveCfg = Release|Any CPU
		{C39C49FF-7C5B-484E-905A-036539E03E0B}.Release|Any CPU.Build.0 = Release|Any CPU
	EndGlobalSection
	GlobalSection(SolutionProperties) = preSolution
		HideSolutionNode = FALSE
	EndGlobalSection
	GlobalSection(ExtensibilityGlobals) = postSolution
		SolutionGuid = {F840DA80-60E2-4563-927D-C6BC624140D8}
	EndGlobalSection
EndGlobal
